<Solution>
  <Folder Name="/Solution Items/">
    <File Path=".editorconfig" />
    <File Path="Directory.Build.props" />
    <File Path="Directory.Packages.props" />
  </Folder>
  <Folder Name="/src/">
    <Project Path="src/Web/Web.csproj" Id="2adeefc9-aef8-4cb3-8423-2389d3c089a9" />
  </Folder>
  <Folder Name="/src/tools/">
    <Project Path="src/tools/Tools.Logging/Tools.Logging.csproj" Id="820fc883-cda0-49b6-a582-16fdc6e185a5" />
  </Folder>
</Solution>
